
Microsoft Visual Studio Solution File, Format Version 12.00
# Visual Studio Version 17
VisualStudioVersion = 17.14.36109.1
MinimumVisualStudioVersion = 10.0.40219.1
Project("{FAE04EC0-301F-11D3-BF4B-00C04F79EFBC}") = "Tatawwa3.API", "Tatawwa3.API\Tatawwa3.API.csproj", "{D8126C78-6DC7-4625-BD77-8F3EDE498D24}"
EndProject
Project("{FAE04EC0-301F-11D3-BF4B-00C04F79EFBC}") = "Tatawwa3.Domain", "Tatawwa3.Domain\Tatawwa3.Domain.csproj", "{43A7B455-806C-4659-9CD7-501CDC7D2A1B}"
EndProject
Project("{FAE04EC0-301F-11D3-BF4B-00C04F79EFBC}") = "Tatawwa3.Application", "Tatawwa3.Application\Tatawwa3.Application.csproj", "{23BA0349-A1DB-4EC4-B852-4DC8CE7234EF}"
EndProject
Project("{FAE04EC0-301F-11D3-BF4B-00C04F79EFBC}") = "Tatawwa3.Infrastructure", "Tatawwa3.Infrastructure\Tatawwa3.Infrastructure.csproj", "{E3317FF2-CF55-49B2-8989-E4105ED0DF6F}"
EndProject
Global
	GlobalSection(SolutionConfigurationPlatforms) = preSolution
		Debug|Any CPU = Debug|Any CPU
		Release|Any CPU = Release|Any CPU
	EndGlobalSection
	GlobalSection(ProjectConfigurationPlatforms) = postSolution
		{D8126C78-6DC7-4625-BD77-8F3EDE498D24}.Debug|Any CPU.ActiveCfg = Debug|Any CPU
		{D8126C78-6DC7-4625-BD77-8F3EDE498D24}.Debug|Any CPU.Build.0 = Debug|Any CPU
		{D8126C78-6DC7-4625-BD77-8F3EDE498D24}.Release|Any CPU.ActiveCfg = Release|Any CPU
		{D8126C78-6DC7-4625-BD77-8F3EDE498D24}.Release|Any CPU.Build.0 = Release|Any CPU
		{43A7B455-806C-4659-9CD7-501CDC7D2A1B}.Debug|Any CPU.ActiveCfg = Debug|Any CPU
		{43A7B455-806C-4659-9CD7-501CDC7D2A1B}.Debug|Any CPU.Build.0 = Debug|Any CPU
		{43A7B455-806C-4659-9CD7-501CDC7D2A1B}.Release|Any CPU.ActiveCfg = Release|Any CPU
		{43A7B455-806C-4659-9CD7-501CDC7D2A1B}.Release|Any CPU.Build.0 = Release|Any CPU
		{23BA0349-A1DB-4EC4-B852-4DC8CE7234EF}.Debug|Any CPU.ActiveCfg = Debug|Any CPU
		{23BA0349-A1DB-4EC4-B852-4DC8CE7234EF}.Debug|Any CPU.Build.0 = Debug|Any CPU
		{23BA0349-A1DB-4EC4-B852-4DC8CE7234EF}.Release|Any CPU.ActiveCfg = Release|Any CPU
		{23BA0349-A1DB-4EC4-B852-4DC8CE7234EF}.Release|Any CPU.Build.0 = Release|Any CPU
		{E3317FF2-CF55-49B2-8989-E4105ED0DF6F}.Debug|Any CPU.ActiveCfg = Debug|Any CPU
		{E3317FF2-CF55-49B2-8989-E4105ED0DF6F}.Debug|Any CPU.Build.0 = Debug|Any CPU
		{E3317FF2-CF55-49B2-8989-E4105ED0DF6F}.Release|Any CPU.ActiveCfg = Release|Any CPU
		{E3317FF2-CF55-49B2-8989-E4105ED0DF6F}.Release|Any CPU.Build.0 = Release|Any CPU
	EndGlobalSection
	GlobalSection(SolutionProperties) = preSolution
		HideSolutionNode = FALSE
	EndGlobalSection
	GlobalSection(ExtensibilityGlobals) = postSolution
		SolutionGuid = {CB53AF62-42AE-4EB9-A7AA-C5569D53B4AC}
	EndGlobalSection
EndGlobal
